name: Update shell grammar lockfile

on:
  push:
    branches:
      - feature/bash-nushell

permissions:
  contents: write

jobs:
  lockfile:
    if: github.actor != 'github-actions[bot]'
    runs-on: ubuntu-latest
    steps:
      - uses: actions/checkout@v7
      - uses: actions/setup-node@v7
        with:
          node-version: 22
          cache: npm
      - run: npm install --package-lock-only
      - name: Commit package-lock.json
        run: |
          if git diff --quiet -- package-lock.json; then
            exit 0
          fi
          git config user.name "github-actions[bot]"
          git config user.email "41898282+github-actions[bot]@users.noreply.github.com"
          git add package-lock.json
          git commit -m "chore: update lockfile for shell grammars"
          git push
